{
    "name": "zed-react-ts-snippets",
    "version": "1.0.0",
    "lockfileVersion": 3,
    "requires": true,
    "packages": {
        "": {
            "name": "zed-react-ts-snippets",
            "version": "1.0.0",
            "license": "MIT",
            "devDependencies": {}
        }
    }
}
